
Microsoft Visual Studio Solution File, Format Version 12.00
# Visual Studio Version 17
VisualStudioVersion = 17.1.32414.318
MinimumVisualStudioVersion = 10.0.40219.1
Project("{FAE04EC0-301F-11D3-BF4B-00C04F79EFBC}") = "Rompecabezas", "Rompecabezas.csproj", "{851872AC-B326-49F0-B55D-B548394D843B}"
EndProject
Global
	GlobalSection(SolutionConfigurationPlatforms) = preSolution
		Debug|Any CPU = Debug|Any CPU
		Release|Any CPU = Release|Any CPU
	EndGlobalSection
	GlobalSection(ProjectConfigurationPlatforms) = postSolution
		{851872AC-B326-49F0-B55D-B548394D843B}.Debug|Any CPU.ActiveCfg = Debug|Any CPU
		{851872AC-B326-49F0-B55D-B548394D843B}.Debug|Any CPU.Build.0 = Debug|Any CPU
		{851872AC-B326-49F0-B55D-B548394D843B}.Release|Any CPU.ActiveCfg = Release|Any CPU
		{851872AC-B326-49F0-B55D-B548394D843B}.Release|Any CPU.Build.0 = Release|Any CPU
	EndGlobalSection
	GlobalSection(SolutionProperties) = preSolution
		HideSolutionNode = FALSE
	EndGlobalSection
	GlobalSection(ExtensibilityGlobals) = postSolution
		SolutionGuid = {30809C54-6C44-4357-8966-37ECD35E3A84}
	EndGlobalSection
EndGlobal
